// !$*UTF8*$!
{
	archiveVersion = 1;
	classes = {
	};
	objectVersion = 50;
	objects = {

/* Begin PBXBuildFile section */
		FF0E18B2251AEF2600E6517B /* AppDelegate.swift in Sources */ = {isa = PBXBuildFile; fileRef = FF0E18B1251AEF2600E6517B /* AppDelegate.swift */; };
		FF0E18B4251AEF2600E6517B /* SceneDelegate.swift in Sources */ = {isa = PBXBuildFile; fileRef = FF0E18B3251AEF2600E6517B /* SceneDelegate.swift */; };
		FF0E18B6251AEF2600E6517B /* ViewController.swift in Sources */ = {isa = PBXBuildFile; fileRef = FF0E18B5251AEF2600E6517B /* ViewController.swift */; };
		FF0E18B9251AEF2600E6517B /* Main.storyboard in Resources */ = {isa = PBXBuildFile; fileRef = FF0E18B7251AEF2600E6517B /* Main.storyboard */; };
		FF0E18BB251AEF2800E6517B /* Assets.xcassets in Resources */ = {isa = PBXBuildFile; fileRef = FF0E18BA251AEF2800E6517B /* Assets.xcassets */; };
		FF0E18BE251AEF2800E6517B /* LaunchScreen.storyboard in Resources */ = {isa = PBXBuildFile; fileRef = FF0E18BC251AEF2800E6517B /* LaunchScreen.storyboard */; };
		FF0E18C9251AEF2900E6517B /* Project2Tests.swift in Sources */ = {isa = PBXBuildFile; fileRef = FF0E18C8251AEF2900E6517B /* Project2Tests.swift */; };
		FF0E18D4251AEF2900E6517B /* Project2UITests.swift in Sources */ = {isa = PBXBuildFile; fileRef = FF0E18D3251AEF2900E6517B /* Project2UITests.swift */; };
/* End PBXBuildFile section */

/* Begin PBXContainerItemProxy section */
		FF0E18C5251AEF2900E6517B /* PBXContainerItemProxy */ = {
			isa = PBXContainerItemProxy;
			containerPortal = FF0E18A6251AEF2600E6517B /* Project object */;
			proxyType = 1;
			remoteGlobalIDString = FF0E18AD251AEF2600E6517B;
			remoteInfo = Project2;
		};
		FF0E18D0251AEF2900E6517B /* PBXContainerItemProxy */ = {
			isa = PBXContainerItemProxy;
			containerPortal = FF0E18A6251AEF2600E6517B /* Project object */;
			proxyType = 1;
			remoteGlobalIDString = FF0E18AD251AEF2600E6517B;
			remoteInfo = Project2;
		};
/* End PBXContainerItemProxy section */

/* Begin PBXFileReference section */
		FF0E18AE251AEF2600E6517B /* Project2.app */ = {isa = PBXFileReference; explicitFileType = wrapper.application; includeInIndex = 0; path = Project2.app; sourceTree = BUILT_PRODUCTS_DIR; };
		FF0E18B1251AEF2600E6517B /* AppDelegate.swift */ = {isa = PBXFileReference; lastKnownFileType = sourcecode.swift; path = AppDelegate.swift; sourceTree = "<group>"; };
		FF0E18B3251AEF2600E6517B /* SceneDelegate.swift */ = {isa = PBXFileReference; lastKnownFileType = sourcecode.swift; path = SceneDelegate.swift; sourceTree = "<group>"; };
		FF0E18B5251AEF2600E6517B /* ViewController.swift */ = {isa = PBXFileReference; lastKnownFileType = sourcecode.swift; path = ViewController.swift; sourceTree = "<group>"; };
		FF0E18B8251AEF2600E6517B /* Base */ = {isa = PBXFileReference; lastKnownFileType = file.storyboard; name = Base; path = Base.lproj/Main.storyboard; sourceTree = "<group>"; };
		FF0E18BA251AEF2800E6517B /* Assets.xcassets */ = {isa = PBXFileReference; lastKnownFileType = folder.assetcatalog; path = Assets.xcassets; sourceTree = "<group>"; };
		FF0E18BD251AEF2800E6517B /* Base */ = {isa = PBXFileReference; lastKnownFileType = file.storyboard; name = Base; path = Base.lproj/LaunchScreen.storyboard; sourceTree = "<group>"; };
		FF0E18BF251AEF2800E6517B /* Info.plist */ = {isa = PBXFileReference; lastKnownFileType = text.plist.xml; path = Info.plist; sourceTree = "<group>"; };
		FF0E18C4251AEF2900E6517B /* Project2Tests.xctest */ = {isa = PBXFileReference; explicitFileType = wrapper.cfbundle; includeInIndex = 0; path = Project2Tests.xctest; sourceTree = BUILT_PRODUCTS_DIR; };
		FF0E18C8251AEF2900E6517B /* Project2Tests.swift */ = {isa = PBXFileReference; lastKnownFileType = sourcecode.swift; path = Project2Tests.swift; sourceTree = "<group>"; };
		FF0E18CA251AEF2900E6517B /* Info.plist */ = {isa = PBXFileReference; lastKnownFileType = text.plist.xml; path = Info.plist; sourceTree = "<group>"; };
		FF0E18CF251AEF2900E6517B /* Project2UITests.xctest */ = {isa = PBXFileReference; explicitFileType = wrapper.cfbundle; includeInIndex = 0; path = Project2UITests.xctest; sourceTree = BUILT_PRODUCTS_DIR; };
		FF0E18D3251AEF2900E6517B /* Project2UITests.swift */ = {isa = PBXFileReference; lastKnownFileType = sourcecode.swift; path = Project2UITests.swift; sourceTree = "<group>"; };
		FF0E18D5251AEF2900E6517B /* Info.plist */ = {isa = PBXFileReference; lastKnownFileType = text.plist.xml; path = Info.plist; sourceTree = "<group>"; };
/* End PBXFileReference section */

/* Begin PBXFrameworksBuildPhase section */
		FF0E18AB251AEF2600E6517B /* Frameworks */ = {
			isa = PBXFrameworksBuildPhase;
			buildActionMask = 2147483647;
			files = (
			);
			runOnlyForDeploymentPostprocessing = 0;
		};
		FF0E18C1251AEF2900E6517B /* Frameworks */ = {
			isa = PBXFrameworksBuildPhase;
			buildActionMask = 2147483647;
			files = (
			);
			runOnlyForDeploymentPostprocessing = 0;
		};
		FF0E18CC251AEF2900E6517B /* Frameworks */ = {
			isa = PBXFrameworksBuildPhase;
			buildActionMask = 2147483647;
			files = (
			);
			runOnlyForDeploymentPostprocessing = 0;
		};
/* End PBXFrameworksBuildPhase section */

/* Begin PBXGroup section */
		FF0E18A5251AEF2600E6517B = {
			isa = PBXGroup;
			children = (
				FF0E18B0251AEF2600E6517B /* Project2 */,
				FF0E18C7251AEF2900E6517B /* Project2Tests */,
				FF0E18D2251AEF2900E6517B /* Project2UITests */,
				FF0E18AF251AEF2600E6517B /* Products */,
			);
			sourceTree = "<group>";
		};
		FF0E18AF251AEF2600E6517B /* Products */ = {
			isa = PBXGroup;
			children = (
				FF0E18AE251AEF2600E6517B /* Project2.app */,
				FF0E18C4251AEF2900E6517B /* Project2Tests.xctest */,
				FF0E18CF251AEF2900E6517B /* Project2UITests.xctest */,
			);
			name = Products;
			sourceTree = "<group>";
		};
		FF0E18B0251AEF2600E6517B /* Project2 */ = {
			isa = PBXGroup;
			children = (
				FF0E18B1251AEF2600E6517B /* AppDelegate.swift */,
				FF0E18B3251AEF2600E6517B /* SceneDelegate.swift */,
				FF0E18B5251AEF2600E6517B /* ViewController.swift */,
				FF0E18B7251AEF2600E6517B /* Main.storyboard */,
				FF0E18BA251AEF2800E6517B /* Assets.xcassets */,
				FF0E18BC251AEF2800E6517B /* LaunchScreen.storyboard */,
				FF0E18BF251AEF2800E6517B /* Info.plist */,
			);
			path = Project2;
			sourceTree = "<group>";
		};
		FF0E18C7251AEF2900E6517B /* Project2Tests */ = {
			isa = PBXGroup;
			children = (
				FF0E18C8251AEF2900E6517B /* Project2Tests.swift */,
				FF0E18CA251AEF2900E6517B /* Info.plist */,
			);
			path = Project2Tests;
			sourceTree = "<group>";
		};
		FF0E18D2251AEF2900E6517B /* Project2UITests */ = {
			isa = PBXGroup;
			children = (
				FF0E18D3251AEF2900E6517B /* Project2UITests.swift */,
				FF0E18D5251AEF2900E6517B /* Info.plist */,
			);
			path = Project2UITests;
			sourceTree = "<group>";
		};
/* End PBXGroup section */

/* Begin PBXNativeTarget section */
		FF0E18AD251AEF2600E6517B /* Project2 */ = {
			isa = PBXNativeTarget;
			buildConfigurationList = FF0E18D8251AEF2900E6517B /* Build configuration list for PBXNativeTarget "Project2" */;
			buildPhases = (
				FF0E18AA251AEF2600E6517B /* Sources */,
				FF0E18AB251AEF2600E6517B /* Frameworks */,
				FF0E18AC251AEF2600E6517B /* Resources */,
			);
			buildRules = (
			);
			dependencies = (
			);
			name = Project2;
			productName = Project2;
			productReference = FF0E18AE251AEF2600E6517B /* Project2.app */;
			productType = "com.apple.product-type.application";
		};
		FF0E18C3251AEF2900E6517B /* Project2Tests */ = {
			isa = PBXNativeTarget;
			buildConfigurationList = FF0E18DB251AEF2900E6517B /* Build configuration list for PBXNativeTarget "Project2Tests" */;
			buildPhases = (
				FF0E18C0251AEF2900E6517B /* Sources */,
				FF0E18C1251AEF2900E6517B /* Frameworks */,
				FF0E18C2251AEF2900E6517B /* Resources */,
			);
			buildRules = (
			);
			dependencies = (
				FF0E18C6251AEF2900E6517B /* PBXTargetDependency */,
			);
			name = Project2Tests;
			productName = Project2Tests;
			productReference = FF0E18C4251AEF2900E6517B /* Project2Tests.xctest */;
			productType = "com.apple.product-type.bundle.unit-test";
		};
		FF0E18CE251AEF2900E6517B /* Project2UITests */ = {
			isa = PBXNativeTarget;
			buildConfigurationList = FF0E18DE251AEF2900E6517B /* Build configuration list for PBXNativeTarget "Project2UITests" */;
			buildPhases = (
				FF0E18CB251AEF2900E6517B /* Sources */,
				FF0E18CC251AEF2900E6517B /* Frameworks */,
				FF0E18CD251AEF2900E6517B /* Resources */,
			);
			buildRules = (
			);
			dependencies = (
				FF0E18D1251AEF2900E6517B /* PBXTargetDependency */,
			);
			name = Project2UITests;
			productName = Project2UITests;
			productReference = FF0E18CF251AEF2900E6517B /* Project2UITests.xctest */;
			productType = "com.apple.product-type.bundle.ui-testing";
		};
/* End PBXNativeTarget section */

/* Begin PBXProject section */
		FF0E18A6251AEF2600E6517B /* Project object */ = {
			isa = PBXProject;
			attributes = {
				LastSwiftUpdateCheck = 1200;
				LastUpgradeCheck = 1200;
				TargetAttributes = {
					FF0E18AD251AEF2600E6517B = {
						CreatedOnToolsVersion = 12.0;
					};
					FF0E18C3251AEF2900E6517B = {
						CreatedOnToolsVersion = 12.0;
						TestTargetID = FF0E18AD251AEF2600E6517B;
					};
					FF0E18CE251AEF2900E6517B = {
						CreatedOnToolsVersion = 12.0;
						TestTargetID = FF0E18AD251AEF2600E6517B;
					};
				};
			};
			buildConfigurationList = FF0E18A9251AEF2600E6517B /* Build configuration list for PBXProject "Project2" */;
			compatibilityVersion = "Xcode 9.3";
			developmentRegion = en;
			hasScannedForEncodings = 0;
			knownRegions = (
				en,
				Base,
			);
			mainGroup = FF0E18A5251AEF2600E6517B;
			productRefGroup = FF0E18AF251AEF2600E6517B /* Products */;
			projectDirPath = "";
			projectRoot = "";
			targets = (
				FF0E18AD251AEF2600E6517B /* Project2 */,
				FF0E18C3251AEF2900E6517B /* Project2Tests */,
				FF0E18CE251AEF2900E6517B /* Project2UITests */,
			);
		};
/* End PBXProject section */

/* Begin PBXResourcesBuildPhase section */
		FF0E18AC251AEF2600E6517B /* Resources */ = {
			isa = PBXResourcesBuildPhase;
			buildActionMask = 2147483647;
			files = (
				FF0E18BE251AEF2800E6517B /* LaunchScreen.storyboard in Resources */,
				FF0E18BB251AEF2800E6517B /* Assets.xcassets in Resources */,
				FF0E18B9251AEF2600E6517B /* Main.storyboard in Resources */,
			);
			runOnlyForDeploymentPostprocessing = 0;
		};
		FF0E18C2251AEF2900E6517B /* Resources */ = {
			isa = PBXResourcesBuildPhase;
			buildActionMask = 2147483647;
			files = (
			);
			runOnlyForDeploymentPostprocessing = 0;
		};
		FF0E18CD251AEF2900E6517B /* Resources */ = {
			isa = PBXResourcesBuildPhase;
			buildActionMask = 2147483647;
			files = (
			);
			runOnlyForDeploymentPostprocessing = 0;
		};
/* End PBXResourcesBuildPhase section */

/* Begin PBXSourcesBuildPhase section */
		FF0E18AA251AEF2600E6517B /* Sources */ = {
			isa = PBXSourcesBuildPhase;
			buildActionMask = 2147483647;
			files = (
				FF0E18B6251AEF2600E6517B /* ViewController.swift in Sources */,
				FF0E18B2251AEF2600E6517B /* AppDelegate.swift in Sources */,
				FF0E18B4251AEF2600E6517B /* SceneDelegate.swift in Sources */,
			);
			runOnlyForDeploymentPostprocessing = 0;
		};
		FF0E18C0251AEF2900E6517B /* Sources */ = {
			isa = PBXSourcesBuildPhase;
			buildActionMask = 2147483647;
			files = (
				FF0E18C9251AEF2900E6517B /* Project2Tests.swift in Sources */,
			);
			runOnlyForDeploymentPostprocessing = 0;
		};
		FF0E18CB251AEF2900E6517B /* Sources */ = {
			isa = PBXSourcesBuildPhase;
			buildActionMask = 2147483647;
			files = (
				FF0E18D4251AEF2900E6517B /* Project2UITests.swift in Sources */,
			);
			runOnlyForDeploymentPostprocessing = 0;
		};
/* End PBXSourcesBuildPhase section */

/* Begin PBXTargetDependency section */
		FF0E18C6251AEF2900E6517B /* PBXTargetDependency */ = {
			isa = PBXTargetDependency;
			target = FF0E18AD251AEF2600E6517B /* Project2 */;
			targetProxy = FF0E18C5251AEF2900E6517B /* PBXContainerItemProxy */;
		};
		FF0E18D1251AEF2900E6517B /* PBXTargetDependency */ = {
			isa = PBXTargetDependency;
			target = FF0E18AD251AEF2600E6517B /* Project2 */;
			targetProxy = FF0E18D0251AEF2900E6517B /* PBXContainerItemProxy */;
		};
/* End PBXTargetDependency section */

/* Begin PBXVariantGroup section */
		FF0E18B7251AEF2600E6517B /* Main.storyboard */ = {
			isa = PBXVariantGroup;
			children = (
				FF0E18B8251AEF2600E6517B /* Base */,
			);
			name = Main.storyboard;
			sourceTree = "<group>";
		};
		FF0E18BC251AEF2800E6517B /* LaunchScreen.storyboard */ = {
			isa = PBXVariantGroup;
			children = (
				FF0E18BD251AEF2800E6517B /* Base */,
			);
			name = LaunchScreen.storyboard;
			sourceTree = "<group>";
		};
/* End PBXVariantGroup section */

/* Begin XCBuildConfiguration section */
		FF0E18D6251AEF2900E6517B /* Debug */ = {
			isa = XCBuildConfiguration;
			buildSettings = {
				ALWAYS_SEARCH_USER_PATHS = NO;
				CLANG_ANALYZER_NONNULL = YES;
				CLANG_ANALYZER_NUMBER_OBJECT_CONVERSION = YES_AGGRESSIVE;
				CLANG_CXX_LANGUAGE_STANDARD = "gnu++14";
				CLANG_CXX_LIBRARY = "libc++";
				CLANG_ENABLE_MODULES = YES;
				CLANG_ENABLE_OBJC_ARC = YES;
				CLANG_ENABLE_OBJC_WEAK = YES;
				CLANG_WARN_BLOCK_CAPTURE_AUTORELEASING = YES;
				CLANG_WARN_BOOL_CONVERSION = YES;
				CLANG_WARN_COMMA = YES;
				CLANG_WARN_CONSTANT_CONVERSION = YES;
				CLANG_WARN_DEPRECATED_OBJC_IMPLEMENTATIONS = YES;
				CLANG_WARN_DIRECT_OBJC_ISA_USAGE = YES_ERROR;
				CLANG_WARN_DOCUMENTATION_COMMENTS = YES;
				CLANG_WARN_EMPTY_BODY = YES;
				CLANG_WARN_ENUM_CONVERSION = YES;
				CLANG_WARN_INFINITE_RECURSION = YES;
				CLANG_WARN_INT_CONVERSION = YES;
				CLANG_WARN_NON_LITERAL_NULL_CONVERSION = YES;
				CLANG_WARN_OBJC_IMPLICIT_RETAIN_SELF = YES;
				CLANG_WARN_OBJC_LITERAL_CONVERSION = YES;
				CLANG_WARN_OBJC_ROOT_CLASS = YES_ERROR;
				CLANG_WARN_QUOTED_INCLUDE_IN_FRAMEWORK_HEADER = YES;
				CLANG_WARN_RANGE_LOOP_ANALYSIS = YES;
				CLANG_WARN_STRICT_PROTOTYPES = YES;
				CLANG_WARN_SUSPICIOUS_MOVE = YES;
				CLANG_WARN_UNGUARDED_AVAILABILITY = YES_AGGRESSIVE;
				CLANG_WARN_UNREACHABLE_CODE = YES;
				CLANG_WARN__DUPLICATE_METHOD_MATCH = YES;
				COPY_PHASE_STRIP = NO;
				DEBUG_INFORMATION_FORMAT = dwarf;
				ENABLE_STRICT_OBJC_MSGSEND = YES;
				ENABLE_TESTABILITY = YES;
				GCC_C_LANGUAGE_STANDARD = gnu11;
				GCC_DYNAMIC_NO_PIC = NO;
				GCC_NO_COMMON_BLOCKS = YES;
				GCC_OPTIMIZATION_LEVEL = 0;
				GCC_PREPROCESSOR_DEFINITIONS = (
					"DEBUG=1",
					"$(inherited)",
				);
				GCC_WARN_64_TO_32_BIT_CONVERSION = YES;
				GCC_WARN_ABOUT_RETURN_TYPE = YES_ERROR;
				GCC_WARN_UNDECLARED_SELECTOR = YES;
				GCC_WARN_UNINITIALIZED_AUTOS = YES_AGGRESSIVE;
				GCC_WARN_UNUSED_FUNCTION = YES;
				GCC_WARN_UNUSED_VARIABLE = YES;
				IPHONEOS_DEPLOYMENT_TARGET = 14.0;
				MTL_ENABLE_DEBUG_INFO = INCLUDE_SOURCE;
				MTL_FAST_MATH = YES;
				ONLY_ACTIVE_ARCH = YES;
				SDKROOT = iphoneos;
				SWIFT_ACTIVE_COMPILATION_CONDITIONS = DEBUG;
				SWIFT_OPTIMIZATION_LEVEL = "-Onone";
			};
			name = Debug;
		};
		FF0E18D7251AEF2900E6517B /* Release */ = {
			isa = XCBuildConfiguration;
			buildSettings = {
				ALWAYS_SEARCH_USER_PATHS = NO;
				CLANG_ANALYZER_NONNULL = YES;
				CLANG_ANALYZER_NUMBER_OBJECT_CONVERSION = YES_AGGRESSIVE;
				CLANG_CXX_LANGUAGE_STANDARD = "gnu++14";
				CLANG_CXX_LIBRARY = "libc++";
				CLANG_ENABLE_MODULES = YES;
				CLANG_ENABLE_OBJC_ARC = YES;
				CLANG_ENABLE_OBJC_WEAK = YES;
				CLANG_WARN_BLOCK_CAPTURE_AUTORELEASING = YES;
				CLANG_WARN_BOOL_CONVERSION = YES;
				CLANG_WARN_COMMA = YES;
				CLANG_WARN_CONSTANT_CONVERSION = YES;
				CLANG_WARN_DEPRECATED_OBJC_IMPLEMENTATIONS = YES;
				CLANG_WARN_DIRECT_OBJC_ISA_USAGE = YES_ERROR;
				CLANG_WARN_DOCUMENTATION_COMMENTS = YES;
				CLANG_WARN_EMPTY_BODY = YES;
				CLANG_WARN_ENUM_CONVERSION = YES;
				CLANG_WARN_INFINITE_RECURSION = YES;
				CLANG_WARN_INT_CONVERSION = YES;
				CLANG_WARN_NON_LITERAL_NULL_CONVERSION = YES;
				CLANG_WARN_OBJC_IMPLICIT_RETAIN_SELF = YES;
				CLANG_WARN_OBJC_LITERAL_CONVERSION = YES;
				CLANG_WARN_OBJC_ROOT_CLASS = YES_ERROR;
				CLANG_WARN_QUOTED_INCLUDE_IN_FRAMEWORK_HEADER = YES;
				CLANG_WARN_RANGE_LOOP_ANALYSIS = YES;
				CLANG_WARN_STRICT_PROTOTYPES = YES;
				CLANG_WARN_SUSPICIOUS_MOVE = YES;
				CLANG_WARN_UNGUARDED_AVAILABILITY = YES_AGGRESSIVE;
				CLANG_WARN_UNREACHABLE_CODE = YES;
				CLANG_WARN__DUPLICATE_METHOD_MATCH = YES;
				COPY_PHASE_STRIP = NO;
				DEBUG_INFORMATION_FORMAT = "dwarf-with-dsym";
				ENABLE_NS_ASSERTIONS = NO;
				ENABLE_STRICT_OBJC_MSGSEND = YES;
				GCC_C_LANGUAGE_STANDARD = gnu11;
				GCC_NO_COMMON_BLOCKS = YES;
				GCC_WARN_64_TO_32_BIT_CONVERSION = YES;
				GCC_WARN_ABOUT_RETURN_TYPE = YES_ERROR;
				GCC_WARN_UNDECLARED_SELECTOR = YES;
				GCC_WARN_UNINITIALIZED_AUTOS = YES_AGGRESSIVE;
				GCC_WARN_UNUSED_FUNCTION = YES;
				GCC_WARN_UNUSED_VARIABLE = YES;
				IPHONEOS_DEPLOYMENT_TARGET = 14.0;
				MTL_ENABLE_DEBUG_INFO = NO;
				MTL_FAST_MATH = YES;
				SDKROOT = iphoneos;
				SWIFT_COMPILATION_MODE = wholemodule;
				SWIFT_OPTIMIZATION_LEVEL = "-O";
				VALIDATE_PRODUCT = YES;
			};
			name = Release;
		};
		FF0E18D9251AEF2900E6517B /* Debug */ = {
			isa = XCBuildConfiguration;
			buildSettings = {
				ASSETCATALOG_COMPILER_APPICON_NAME = AppIcon;
				ASSETCATALOG_COMPILER_GLOBAL_ACCENT_COLOR_NAME = AccentColor;
				CODE_SIGN_STYLE = Automatic;
				INFOPLIST_FILE = Project2/Info.plist;
				LD_RUNPATH_SEARCH_PATHS = (
					"$(inherited)",
					"@executable_path/Frameworks",
				);
				PRODUCT_BUNDLE_IDENTIFIER = jisoo.Project2;
				PRODUCT_NAME = "$(TARGET_NAME)";
				SWIFT_VERSION = 5.0;
				TARGETED_DEVICE_FAMILY = "1,2";
			};
			name = Debug;
		};
		FF0E18DA251AEF2900E6517B /* Release */ = {
			isa = XCBuildConfiguration;
			buildSettings = {
				ASSETCATALOG_COMPILER_APPICON_NAME = AppIcon;
				ASSETCATALOG_COMPILER_GLOBAL_ACCENT_COLOR_NAME = AccentColor;
				CODE_SIGN_STYLE = Automatic;
				INFOPLIST_FILE = Project2/Info.plist;
				LD_RUNPATH_SEARCH_PATHS = (
					"$(inherited)",
					"@executable_path/Frameworks",
				);
				PRODUCT_BUNDLE_IDENTIFIER = jisoo.Project2;
				PRODUCT_NAME = "$(TARGET_NAME)";
				SWIFT_VERSION = 5.0;
				TARGETED_DEVICE_FAMILY = "1,2";
			};
			name = Release;
		};
		FF0E18DC251AEF2900E6517B /* Debug */ = {
			isa = XCBuildConfiguration;
			buildSettings = {
				ALWAYS_EMBED_SWIFT_STANDARD_LIBRARIES = YES;
				BUNDLE_LOADER = "$(TEST_HOST)";
				CODE_SIGN_STYLE = Automatic;
				INFOPLIST_FILE = Project2Tests/Info.plist;
				IPHONEOS_DEPLOYMENT_TARGET = 14.0;
				LD_RUNPATH_SEARCH_PATHS = (
					"$(inherited)",
					"@executable_path/Frameworks",
					"@loader_path/Frameworks",
				);
				PRODUCT_BUNDLE_IDENTIFIER = jisoo.Project2Tests;
				PRODUCT_NAME = "$(TARGET_NAME)";
				SWIFT_VERSION = 5.0;
				TARGETED_DEVICE_FAMILY = "1,2";
				TEST_HOST = "$(BUILT_PRODUCTS_DIR)/Project2.app/Project2";
			};
			name = Debug;
		};
		FF0E18DD251AEF2900E6517B /* Release */ = {
			isa = XCBuildConfiguration;
			buildSettings = {
				ALWAYS_EMBED_SWIFT_STANDARD_LIBRARIES = YES;
				BUNDLE_LOADER = "$(TEST_HOST)";
				CODE_SIGN_STYLE = Automatic;
				INFOPLIST_FILE = Project2Tests/Info.plist;
				IPHONEOS_DEPLOYMENT_TARGET = 14.0;
				LD_RUNPATH_SEARCH_PATHS = (
					"$(inherited)",
					"@executable_path/Frameworks",
					"@loader_path/Frameworks",
				);
				PRODUCT_BUNDLE_IDENTIFIER = jisoo.Project2Tests;
				PRODUCT_NAME = "$(TARGET_NAME)";
				SWIFT_VERSION = 5.0;
				TARGETED_DEVICE_FAMILY = "1,2";
				TEST_HOST = "$(BUILT_PRODUCTS_DIR)/Project2.app/Project2";
			};
			name = Release;
		};
		FF0E18DF251AEF2900E6517B /* Debug */ = {
			isa = XCBuildConfiguration;
			buildSettings = {
				ALWAYS_EMBED_SWIFT_STANDARD_LIBRARIES = YES;
				CODE_SIGN_STYLE = Automatic;
				INFOPLIST_FILE = Project2UITests/Info.plist;
				LD_RUNPATH_SEARCH_PATHS = (
					"$(inherited)",
					"@executable_path/Frameworks",
					"@loader_path/Frameworks",
				);
				PRODUCT_BUNDLE_IDENTIFIER = jisoo.Project2UITests;
				PRODUCT_NAME = "$(TARGET_NAME)";
				SWIFT_VERSION = 5.0;
				TARGETED_DEVICE_FAMILY = "1,2";
				TEST_TARGET_NAME = Project2;
			};
			name = Debug;
		};
		FF0E18E0251AEF2900E6517B /* Release */ = {
			isa = XCBuildConfiguration;
			buildSettings = {
				ALWAYS_EMBED_SWIFT_STANDARD_LIBRARIES = YES;
				CODE_SIGN_STYLE = Automatic;
				INFOPLIST_FILE = Project2UITests/Info.plist;
				LD_RUNPATH_SEARCH_PATHS = (
					"$(inherited)",
					"@executable_path/Frameworks",
					"@loader_path/Frameworks",
				);
				PRODUCT_BUNDLE_IDENTIFIER = jisoo.Project2UITests;
				PRODUCT_NAME = "$(TARGET_NAME)";
				SWIFT_VERSION = 5.0;
				TARGETED_DEVICE_FAMILY = "1,2";
				TEST_TARGET_NAME = Project2;
			};
			name = Release;
		};
/* End XCBuildConfiguration section */

/* Begin XCConfigurationList section */
		FF0E18A9251AEF2600E6517B /* Build configuration list for PBXProject "Project2" */ = {
			isa = XCConfigurationList;
			buildConfigurations = (
				FF0E18D6251AEF2900E6517B /* Debug */,
				FF0E18D7251AEF2900E6517B /* Release */,
			);
			defaultConfigurationIsVisible = 0;
			defaultConfigurationName = Release;
		};
		FF0E18D8251AEF2900E6517B /* Build configuration list for PBXNativeTarget "Project2" */ = {
			isa = XCConfigurationList;
			buildConfigurations = (
				FF0E18D9251AEF2900E6517B /* Debug */,
				FF0E18DA251AEF2900E6517B /* Release */,
			);
			defaultConfigurationIsVisible = 0;
			defaultConfigurationName = Release;
		};
		FF0E18DB251AEF2900E6517B /* Build configuration list for PBXNativeTarget "Project2Tests" */ = {
			isa = XCConfigurationList;
			buildConfigurations = (
				FF0E18DC251AEF2900E6517B /* Debug */,
				FF0E18DD251AEF2900E6517B /* Release */,
			);
			defaultConfigurationIsVisible = 0;
			defaultConfigurationName = Release;
		};
		FF0E18DE251AEF2900E6517B /* Build configuration list for PBXNativeTarget "Project2UITests" */ = {
			isa = XCConfigurationList;
			buildConfigurations = (
				FF0E18DF251AEF2900E6517B /* Debug */,
				FF0E18E0251AEF2900E6517B /* Release */,
			);
			defaultConfigurationIsVisible = 0;
			defaultConfigurationName = Release;
		};
/* End XCConfigurationList section */
	};
	rootObject = FF0E18A6251AEF2600E6517B /* Project object */;
}
